
Microsoft Visual Studio Solution File, Format Version 12.00
# Visual Studio 15
VisualStudioVersion = 15.0.26430.6
MinimumVisualStudioVersion = 10.0.40219.1
Project("{FAE04EC0-301F-11D3-BF4B-00C04F79EFBC}") = "Idunn.ConsoleUI", "Idunn.Console\Idunn.ConsoleUI.csproj", "{5BCB31EE-E724-4805-B5F5-D0DA1C81A650}"
EndProject
Project("{FAE04EC0-301F-11D3-BF4B-00C04F79EFBC}") = "Idunn.Core", "Idunn.Core\Idunn.Core.csproj", "{D24B4A36-A9CA-4967-85B1-50257F5C6293}"
EndProject
Global
	GlobalSection(SolutionConfigurationPlatforms) = preSolution
		Debug|Any CPU = Debug|Any CPU
		Release|Any CPU = Release|Any CPU
	EndGlobalSection
	GlobalSection(ProjectConfigurationPlatforms) = postSolution
		{5BCB31EE-E724-4805-B5F5-D0DA1C81A650}.Debug|Any CPU.ActiveCfg = Debug|Any CPU
		{5BCB31EE-E724-4805-B5F5-D0DA1C81A650}.Debug|Any CPU.Build.0 = Debug|Any CPU
		{5BCB31EE-E724-4805-B5F5-D0DA1C81A650}.Release|Any CPU.ActiveCfg = Release|Any CPU
		{5BCB31EE-E724-4805-B5F5-D0DA1C81A650}.Release|Any CPU.Build.0 = Release|Any CPU
		{D24B4A36-A9CA-4967-85B1-50257F5C6293}.Debug|Any CPU.ActiveCfg = Debug|Any CPU
		{D24B4A36-A9CA-4967-85B1-50257F5C6293}.Debug|Any CPU.Build.0 = Debug|Any CPU
		{D24B4A36-A9CA-4967-85B1-50257F5C6293}.Release|Any CPU.ActiveCfg = Release|Any CPU
		{D24B4A36-A9CA-4967-85B1-50257F5C6293}.Release|Any CPU.Build.0 = Release|Any CPU
	EndGlobalSection
	GlobalSection(SolutionProperties) = preSolution
		HideSolutionNode = FALSE
	EndGlobalSection
EndGlobal
